
Microsoft Visual Studio Solution File, Format Version 12.00
# Visual Studio Version 17
VisualStudioVersion = 17.6.33829.357
MinimumVisualStudioVersion = 10.0.40219.1
Project("{FAE04EC0-301F-11D3-BF4B-00C04F79EFBC}") = "Todo Project", "Todo Project\Todo Project.csproj", "{74AEBD38-2659-415E-AB1F-C58DE10CD20E}"
EndProject
Global
	GlobalSection(SolutionConfigurationPlatforms) = preSolution
		Debug|Any CPU = Debug|Any CPU
		Release|Any CPU = Release|Any CPU
	EndGlobalSection
	GlobalSection(ProjectConfigurationPlatforms) = postSolution
		{74AEBD38-2659-415E-AB1F-C58DE10CD20E}.Debug|Any CPU.ActiveCfg = Debug|Any CPU
		{74AEBD38-2659-415E-AB1F-C58DE10CD20E}.Debug|Any CPU.Build.0 = Debug|Any CPU
		{74AEBD38-2659-415E-AB1F-C58DE10CD20E}.Release|Any CPU.ActiveCfg = Release|Any CPU
		{74AEBD38-2659-415E-AB1F-C58DE10CD20E}.Release|Any CPU.Build.0 = Release|Any CPU
	EndGlobalSection
	GlobalSection(SolutionProperties) = preSolution
		HideSolutionNode = FALSE
	EndGlobalSection
	GlobalSection(ExtensibilityGlobals) = postSolution
		SolutionGuid = {D01069BB-3B80-4982-BD70-B92395977DB9}
	EndGlobalSection
EndGlobal
